lockfileVersion: '9.0'

settings:
  autoInstallPeers: true
  excludeLinksFromLockfile: false

importers:

  .:
    dependencies:
      amqplib:
        specifier: ^1.0.3
        version: 1.0.3

packages:

  amqplib@1.0.3:
    resolution: {integrity: sha512-nsrXa59tvX4HPjPPW8JJGuBb/Db0MOq3DOhGdSbIY7bTsQDMV2fmF9c3i74g/8Gt9+QWyrxfEPppOOoV9lK1uQ==}
    engines: {node: '>=18'}

  buffer-more-ints@1.0.0:
    resolution: {integrity: sha512-EMetuGFz5SLsT0QTnXzINh4Ksr+oo4i+UGTXEshiGCQWnsgSs7ZhJ8fzlwQ+OzEMs0MpDAMr1hxnblp5a4vcHg==}

snapshots:

  amqplib@1.0.3:
    dependencies:
      buffer-more-ints: 1.0.0

  buffer-more-ints@1.0.0: {}
